
Microsoft Visual Studio Solution File, Format Version 12.00
# Visual Studio Version 17
VisualStudioVersion = 17.5.002.0
MinimumVisualStudioVersion = 10.0.40219.1
Project("{9A19103F-16F7-4668-BE54-9A1E7A4F7556}") = "ToDoList", "ToDoList\ToDoList.csproj", "{EDBE1D2E-8AF9-4E60-AA1E-55C462C06784}"
EndProject
Global
	GlobalSection(SolutionConfigurationPlatforms) = preSolution
		Debug|Any CPU = Debug|Any CPU
		Release|Any CPU = Release|Any CPU
	EndGlobalSection
	GlobalSection(ProjectConfigurationPlatforms) = postSolution
		{EDBE1D2E-8AF9-4E60-AA1E-55C462C06784}.Debug|Any CPU.ActiveCfg = Debug|Any CPU
		{EDBE1D2E-8AF9-4E60-AA1E-55C462C06784}.Debug|Any CPU.Build.0 = Debug|Any CPU
		{EDBE1D2E-8AF9-4E60-AA1E-55C462C06784}.Release|Any CPU.ActiveCfg = Release|Any CPU
		{EDBE1D2E-8AF9-4E60-AA1E-55C462C06784}.Release|Any CPU.Build.0 = Release|Any CPU
	EndGlobalSection
	GlobalSection(SolutionProperties) = preSolution
		HideSolutionNode = FALSE
	EndGlobalSection
	GlobalSection(ExtensibilityGlobals) = postSolution
		SolutionGuid = {3FEB3A6D-90BC-4508-A2EA-B8F7898C43D7}
	EndGlobalSection
EndGlobal
